
Microsoft Visual Studio Solution File, Format Version 12.00
# Visual Studio Version 17
VisualStudioVersion = 17.7.34031.279
MinimumVisualStudioVersion = 10.0.40219.1
Project("{FAE04EC0-301F-11D3-BF4B-00C04F79EFBC}") = "MingPlayGround", "MingPlayGround\MingPlayGround.csproj", "{9E588231-8E62-4FF8-BBE3-DBB924BB2920}"
EndProject
Global
	GlobalSection(SolutionConfigurationPlatforms) = preSolution
		Debug|Any CPU = Debug|Any CPU
		Release|Any CPU = Release|Any CPU
	EndGlobalSection
	GlobalSection(ProjectConfigurationPlatforms) = postSolution
		{9E588231-8E62-4FF8-BBE3-DBB924BB2920}.Debug|Any CPU.ActiveCfg = Debug|Any CPU
		{9E588231-8E62-4FF8-BBE3-DBB924BB2920}.Debug|Any CPU.Build.0 = Debug|Any CPU
		{9E588231-8E62-4FF8-BBE3-DBB924BB2920}.Release|Any CPU.ActiveCfg = Release|Any CPU
		{9E588231-8E62-4FF8-BBE3-DBB924BB2920}.Release|Any CPU.Build.0 = Release|Any CPU
	EndGlobalSection
	GlobalSection(SolutionProperties) = preSolution
		HideSolutionNode = FALSE
	EndGlobalSection
	GlobalSection(ExtensibilityGlobals) = postSolution
		SolutionGuid = {313F6ABC-89F3-4B1D-83B9-10F64247DBA9}
	EndGlobalSection
EndGlobal
